
Microsoft Visual Studio Solution File, Format Version 12.00
# Visual Studio Version 17
VisualStudioVersion = 17.0.31903.59
MinimumVisualStudioVersion = 10.0.40219.1
Project("{2150E333-8FDC-42A3-9474-1A3956D46DE8}") = "src", "src", "{DB84A69E-27C3-4CEC-8332-B190D5A4F1F4}"
EndProject
Project("{FAE04EC0-301F-11D3-BF4B-00C04F79EFBC}") = "Library.Web", "src\Library.Web\Library.Web.csproj", "{5B0A6F18-BD83-4226-9945-27CFE7875254}"
EndProject
Project("{FAE04EC0-301F-11D3-BF4B-00C04F79EFBC}") = "Library", "src\Library\Library.csproj", "{C2C92A55-0669-44D9-B51A-7F8D80872869}"
EndProject
Project("{2150E333-8FDC-42A3-9474-1A3956D46DE8}") = "tests", "tests", "{58F7DFD2-0090-4806-8886-44682A041CEB}"
EndProject
Project("{FAE04EC0-301F-11D3-BF4B-00C04F79EFBC}") = "Library.Tests", "tests\Library.Tests\Library.Tests.csproj", "{C9CF763E-5847-4DD9-BA2C-5C9057038A07}"
EndProject
Global
	GlobalSection(SolutionConfigurationPlatforms) = preSolution
		Debug|Any CPU = Debug|Any CPU
		Release|Any CPU = Release|Any CPU
	EndGlobalSection
	GlobalSection(SolutionProperties) = preSolution
		HideSolutionNode = FALSE
	EndGlobalSection
	GlobalSection(ProjectConfigurationPlatforms) = postSolution
		{5B0A6F18-BD83-4226-9945-27CFE7875254}.Debug|Any CPU.ActiveCfg = Debug|Any CPU
		{5B0A6F18-BD83-4226-9945-27CFE7875254}.Debug|Any CPU.Build.0 = Debug|Any CPU
		{5B0A6F18-BD83-4226-9945-27CFE7875254}.Release|Any CPU.ActiveCfg = Release|Any CPU
		{5B0A6F18-BD83-4226-9945-27CFE7875254}.Release|Any CPU.Build.0 = Release|Any CPU
		{C2C92A55-0669-44D9-B51A-7F8D80872869}.Debug|Any CPU.ActiveCfg = Debug|Any CPU
		{C2C92A55-0669-44D9-B51A-7F8D80872869}.Debug|Any CPU.Build.0 = Debug|Any CPU
		{C2C92A55-0669-44D9-B51A-7F8D80872869}.Release|Any CPU.ActiveCfg = Release|Any CPU
		{C2C92A55-0669-44D9-B51A-7F8D80872869}.Release|Any CPU.Build.0 = Release|Any CPU
		{C9CF763E-5847-4DD9-BA2C-5C9057038A07}.Debug|Any CPU.ActiveCfg = Debug|Any CPU
		{C9CF763E-5847-4DD9-BA2C-5C9057038A07}.Debug|Any CPU.Build.0 = Debug|Any CPU
		{C9CF763E-5847-4DD9-BA2C-5C9057038A07}.Release|Any CPU.ActiveCfg = Release|Any CPU
		{C9CF763E-5847-4DD9-BA2C-5C9057038A07}.Release|Any CPU.Build.0 = Release|Any CPU
	EndGlobalSection
	GlobalSection(NestedProjects) = preSolution
		{5B0A6F18-BD83-4226-9945-27CFE7875254} = {DB84A69E-27C3-4CEC-8332-B190D5A4F1F4}
		{C2C92A55-0669-44D9-B51A-7F8D80872869} = {DB84A69E-27C3-4CEC-8332-B190D5A4F1F4}
		{C9CF763E-5847-4DD9-BA2C-5C9057038A07} = {58F7DFD2-0090-4806-8886-44682A041CEB}
	EndGlobalSection
EndGlobal
